
Microsoft Visual Studio Solution File, Format Version 12.00
# Visual Studio Version 17
VisualStudioVersion = 17.9.34714.143
MinimumVisualStudioVersion = 10.0.40219.1
Project("{FAE04EC0-301F-11D3-BF4B-00C04F79EFBC}") = "CustomerApi", "CustomerApi\CustomerApi.csproj", "{471873D1-2DF3-46ED-AE72-6FC68F81B820}"
EndProject
Project("{FAE04EC0-301F-11D3-BF4B-00C04F79EFBC}") = "ReservationsApi", "ReservationsApi\ReservationsApi.csproj", "{E467E651-D01F-47D5-8DE4-039ACA64B434}"
EndProject
Project("{FAE04EC0-301F-11D3-BF4B-00C04F79EFBC}") = "VehicleApi", "VehicleApi\VehicleApi.csproj", "{7798AA6E-5EB4-40AC-8D9B-C397F00B11C1}"
EndProject
Global
	GlobalSection(SolutionConfigurationPlatforms) = preSolution
		Debug|Any CPU = Debug|Any CPU
		Release|Any CPU = Release|Any CPU
	EndGlobalSection
	GlobalSection(ProjectConfigurationPlatforms) = postSolution
		{471873D1-2DF3-46ED-AE72-6FC68F81B820}.Debug|Any CPU.ActiveCfg = Debug|Any CPU
		{471873D1-2DF3-46ED-AE72-6FC68F81B820}.Debug|Any CPU.Build.0 = Debug|Any CPU
		{471873D1-2DF3-46ED-AE72-6FC68F81B820}.Release|Any CPU.ActiveCfg = Release|Any CPU
		{471873D1-2DF3-46ED-AE72-6FC68F81B820}.Release|Any CPU.Build.0 = Release|Any CPU
		{E467E651-D01F-47D5-8DE4-039ACA64B434}.Debug|Any CPU.ActiveCfg = Debug|Any CPU
		{E467E651-D01F-47D5-8DE4-039ACA64B434}.Debug|Any CPU.Build.0 = Debug|Any CPU
		{E467E651-D01F-47D5-8DE4-039ACA64B434}.Release|Any CPU.ActiveCfg = Release|Any CPU
		{E467E651-D01F-47D5-8DE4-039ACA64B434}.Release|Any CPU.Build.0 = Release|Any CPU
		{7798AA6E-5EB4-40AC-8D9B-C397F00B11C1}.Debug|Any CPU.ActiveCfg = Debug|Any CPU
		{7798AA6E-5EB4-40AC-8D9B-C397F00B11C1}.Debug|Any CPU.Build.0 = Debug|Any CPU
		{7798AA6E-5EB4-40AC-8D9B-C397F00B11C1}.Release|Any CPU.ActiveCfg = Release|Any CPU
		{7798AA6E-5EB4-40AC-8D9B-C397F00B11C1}.Release|Any CPU.Build.0 = Release|Any CPU
	EndGlobalSection
	GlobalSection(SolutionProperties) = preSolution
		HideSolutionNode = FALSE
	EndGlobalSection
	GlobalSection(ExtensibilityGlobals) = postSolution
		SolutionGuid = {1AF12A2C-868F-44DE-841D-05F90ABCFEBB}
	EndGlobalSection
EndGlobal
